// !$*UTF8*$!
{
	archiveVersion = 1;
	classes = {
	};
	objectVersion = 55;
	objects = {

/* Begin PBXBuildFile section */
		6B128B1C276D3A8F00C9617E /* REDSpaceChallenge_iOSUITests.swift in Sources */ = {isa = PBXBuildFile; fileRef = 6B128B1B276D3A8F00C9617E /* REDSpaceChallenge_iOSUITests.swift */; };
		6B128B1E276D3A8F00C9617E /* REDSpaceChallenge_iOSUITestsLaunchTests.swift in Sources */ = {isa = PBXBuildFile; fileRef = 6B128B1D276D3A8F00C9617E /* REDSpaceChallenge_iOSUITestsLaunchTests.swift */; };
		6B128B30276D3AD200C9617E /* Coordinator.swift in Sources */ = {isa = PBXBuildFile; fileRef = 6B128B2D276D3AD200C9617E /* Coordinator.swift */; };
		6B128B31276D3AD200C9617E /* DetailCoordinator.swift in Sources */ = {isa = PBXBuildFile; fileRef = 6B128B2E276D3AD200C9617E /* DetailCoordinator.swift */; };
		6B128B32276D3AD200C9617E /* AppCoordinator.swift in Sources */ = {isa = PBXBuildFile; fileRef = 6B128B2F276D3AD200C9617E /* AppCoordinator.swift */; };
		6B128B34276D3AE400C9617E /* TabBarCoordinator.swift in Sources */ = {isa = PBXBuildFile; fileRef = 6B128B33276D3AE400C9617E /* TabBarCoordinator.swift */; };
		6B128B37276D3AF700C9617E /* DataBiding.swift in Sources */ = {isa = PBXBuildFile; fileRef = 6B128B36276D3AF700C9617E /* DataBiding.swift */; };
		6B128B3A276D3B0800C9617E /* AppDelegate.swift in Sources */ = {isa = PBXBuildFile; fileRef = 6B128B39276D3B0800C9617E /* AppDelegate.swift */; };
		6B128B3D276D3B1E00C9617E /* Extensions.swift in Sources */ = {isa = PBXBuildFile; fileRef = 6B128B3C276D3B1E00C9617E /* Extensions.swift */; };
		6B128B42276D3B3800C9617E /* Assets.xcassets in Resources */ = {isa = PBXBuildFile; fileRef = 6B128B41276D3B3800C9617E /* Assets.xcassets */; };
		6B128B44276D3B4300C9617E /* LaunchScreen.storyboard in Resources */ = {isa = PBXBuildFile; fileRef = 6B128B43276D3B4300C9617E /* LaunchScreen.storyboard */; };
		6B128B4E276D3B7E00C9617E /* CharacterResult.swift in Sources */ = {isa = PBXBuildFile; fileRef = 6B128B4D276D3B7E00C9617E /* CharacterResult.swift */; };
		6B128B51276D3B8700C9617E /* CharacterViewController.xib in Resources */ = {isa = PBXBuildFile; fileRef = 6B128B4F276D3B8700C9617E /* CharacterViewController.xib */; };
		6B128B52276D3B8700C9617E /* CharacterViewController.swift in Sources */ = {isa = PBXBuildFile; fileRef = 6B128B50276D3B8700C9617E /* CharacterViewController.swift */; };
		6B128B56276D3B9400C9617E /* CharacterCollectionViewCell.swift in Sources */ = {isa = PBXBuildFile; fileRef = 6B128B54276D3B9400C9617E /* CharacterCollectionViewCell.swift */; };
		6B128B57276D3B9400C9617E /* CharacterCollectionViewCell.xib in Resources */ = {isa = PBXBuildFile; fileRef = 6B128B55276D3B9400C9617E /* CharacterCollectionViewCell.xib */; };
		6B128B59276D3B9E00C9617E /* CharacterViewModel.swift in Sources */ = {isa = PBXBuildFile; fileRef = 6B128B58276D3B9E00C9617E /* CharacterViewModel.swift */; };
		6B128B5E276D3BC300C9617E /* CharacterData.swift in Sources */ = {isa = PBXBuildFile; fileRef = 6B128B5D276D3BC300C9617E /* CharacterData.swift */; };
		6B128B61276D3BCC00C9617E /* DetailViewController.swift in Sources */ = {isa = PBXBuildFile; fileRef = 6B128B5F276D3BCC00C9617E /* DetailViewController.swift */; };
		6B128B62276D3BCC00C9617E /* DetailViewController.xib in Resources */ = {isa = PBXBuildFile; fileRef = 6B128B60276D3BCC00C9617E /* DetailViewController.xib */; };
		6B128B64276D3BD900C9617E /* DetailViewModel.swift in Sources */ = {isa = PBXBuildFile; fileRef = 6B128B63276D3BD900C9617E /* DetailViewModel.swift */; };
		6B128B69276D3BFF00C9617E /* EpisodeResult.swift in Sources */ = {isa = PBXBuildFile; fileRef = 6B128B68276D3BFF00C9617E /* EpisodeResult.swift */; };
		6B128B6C276D3C0A00C9617E /* EpisodiesViewController.swift in Sources */ = {isa = PBXBuildFile; fileRef = 6B128B6A276D3C0A00C9617E /* EpisodiesViewController.swift */; };
		6B128B6D276D3C0A00C9617E /* EpisodiesViewController.xib in Resources */ = {isa = PBXBuildFile; fileRef = 6B128B6B276D3C0A00C9617E /* EpisodiesViewController.xib */; };
		6B128B71276D3C1800C9617E /* EpisodeTableViewCell.swift in Sources */ = {isa = PBXBuildFile; fileRef = 6B128B6F276D3C1800C9617E /* EpisodeTableViewCell.swift */; };
		6B128B72276D3C1800C9617E /* EpisodeTableViewCell.xib in Resources */ = {isa = PBXBuildFile; fileRef = 6B128B70276D3C1800C9617E /* EpisodeTableViewCell.xib */; };
		6B128B74276D3C2300C9617E /* EpisodiesViewModel.swift in Sources */ = {isa = PBXBuildFile; fileRef = 6B128B73276D3C2300C9617E /* EpisodiesViewModel.swift */; };
		6B128B79276D3C5000C9617E /* LocationViewModel.swift in Sources */ = {isa = PBXBuildFile; fileRef = 6B128B78276D3C5000C9617E /* LocationViewModel.swift */; };
		6B128B7C276D3C5900C9617E /* LocationsViewController.xib in Resources */ = {isa = PBXBuildFile; fileRef = 6B128B7A276D3C5900C9617E /* LocationsViewController.xib */; };
		6B128B7D276D3C5900C9617E /* LocationsViewController.swift in Sources */ = {isa = PBXBuildFile; fileRef = 6B128B7B276D3C5900C9617E /* LocationsViewController.swift */; };
		6B128B81276D3C6800C9617E /* LocationViewCellTableViewCell.swift in Sources */ = {isa = PBXBuildFile; fileRef = 6B128B7F276D3C6800C9617E /* LocationViewCellTableViewCell.swift */; };
		6B128B82276D3C6800C9617E /* LocationViewCellTableViewCell.xib in Resources */ = {isa = PBXBuildFile; fileRef = 6B128B80276D3C6800C9617E /* LocationViewCellTableViewCell.xib */; };
		6B128B84276D3C7200C9617E /* LocationResult.swift in Sources */ = {isa = PBXBuildFile; fileRef = 6B128B83276D3C7200C9617E /* LocationResult.swift */; };
		6B128B89276D3C8400C9617E /* RickAndMortyAPI.swift in Sources */ = {isa = PBXBuildFile; fileRef = 6B128B86276D3C8400C9617E /* RickAndMortyAPI.swift */; };
		6B128B8A276D3C8400C9617E /* RickAndMortyServicesRequest.swift in Sources */ = {isa = PBXBuildFile; fileRef = 6B128B87276D3C8400C9617E /* RickAndMortyServicesRequest.swift */; };
		6B128B8B276D3C8400C9617E /* ServicesConstants.swift in Sources */ = {isa = PBXBuildFile; fileRef = 6B128B88276D3C8400C9617E /* ServicesConstants.swift */; };
		6B128B8E276D3C9600C9617E /* Constants.swift in Sources */ = {isa = PBXBuildFile; fileRef = 6B128B8D276D3C9600C9617E /* Constants.swift */; };
		6B128B94276D3CB000C9617E /* ModalContainerView.swift in Sources */ = {isa = PBXBuildFile; fileRef = 6B128B92276D3CB000C9617E /* ModalContainerView.swift */; };
		6B128B95276D3CB000C9617E /* ModalViewController.swift in Sources */ = {isa = PBXBuildFile; fileRef = 6B128B93276D3CB000C9617E /* ModalViewController.swift */; };
		6B128B9A276D3CBF00C9617E /* BodyLabel.swift in Sources */ = {isa = PBXBuildFile; fileRef = 6B128B97276D3CBF00C9617E /* BodyLabel.swift */; };
		6B128B9B276D3CBF00C9617E /* TitleLabel.swift in Sources */ = {isa = PBXBuildFile; fileRef = 6B128B98276D3CBF00C9617E /* TitleLabel.swift */; };
		6B128B9C276D3CBF00C9617E /* ActionButton.swift in Sources */ = {isa = PBXBuildFile; fileRef = 6B128B99276D3CBF00C9617E /* ActionButton.swift */; };
		6B128B9F276D3CCB00C9617E /* SpinnerView.xib in Resources */ = {isa = PBXBuildFile; fileRef = 6B128B9D276D3CCB00C9617E /* SpinnerView.xib */; };
		6B128BA0276D3CCB00C9617E /* SpinnerView.swift in Sources */ = {isa = PBXBuildFile; fileRef = 6B128B9E276D3CCB00C9617E /* SpinnerView.swift */; };
		6B128BA3276D63E200C9617E /* JNetworking in Frameworks */ = {isa = PBXBuildFile; productRef = 6B128BA2276D63E200C9617E /* JNetworking */; };
		6B128BA7276D6D8100C9617E /* SpinnerViewTest.swift in Sources */ = {isa = PBXBuildFile; fileRef = 6B128BA6276D6D8100C9617E /* SpinnerViewTest.swift */; };
		6B128BAA276D6D9F00C9617E /* AppCoordinatorTest.swift in Sources */ = {isa = PBXBuildFile; fileRef = 6B128BA8276D6D9F00C9617E /* AppCoordinatorTest.swift */; };
		6B128BAB276D6D9F00C9617E /* DetailCoordinatorTest.swift in Sources */ = {isa = PBXBuildFile; fileRef = 6B128BA9276D6D9F00C9617E /* DetailCoordinatorTest.swift */; };
/* End PBXBuildFile section */

/* Begin PBXContainerItemProxy section */
		6B128B0E276D3A8F00C9617E /* PBXContainerItemProxy */ = {
			isa = PBXContainerItemProxy;
			containerPortal = 6B128AEF276D3A8D00C9617E /* Project object */;
			proxyType = 1;
			remoteGlobalIDString = 6B128AF6276D3A8D00C9617E;
			remoteInfo = "REDSpaceChallenge-iOS";
		};
		6B128B18276D3A8F00C9617E /* PBXContainerItemProxy */ = {
			isa = PBXContainerItemProxy;
			containerPortal = 6B128AEF276D3A8D00C9617E /* Project object */;
			proxyType = 1;
			remoteGlobalIDString = 6B128AF6276D3A8D00C9617E;
			remoteInfo = "REDSpaceChallenge-iOS";
		};
/* End PBXContainerItemProxy section */

/* Begin PBXFileReference section */
		6B128AF7276D3A8D00C9617E /* REDSpaceChallenge-iOS.app */ = {isa = PBXFileReference; explicitFileType = wrapper.application; includeInIndex = 0; path = "REDSpaceChallenge-iOS.app"; sourceTree = BUILT_PRODUCTS_DIR; };
		6B128B0D276D3A8F00C9617E /* REDSpaceChallenge-iOSTests.xctest */ = {isa = PBXFileReference; explicitFileType = wrapper.cfbundle; includeInIndex = 0; path = "REDSpaceChallenge-iOSTests.xctest"; sourceTree = BUILT_PRODUCTS_DIR; };
		6B128B17276D3A8F00C9617E /* REDSpaceChallenge-iOSUITests.xctest */ = {isa = PBXFileReference; explicitFileType = wrapper.cfbundle; includeInIndex = 0; path = "REDSpaceChallenge-iOSUITests.xctest"; sourceTree = BUILT_PRODUCTS_DIR; };
		6B128B1B276D3A8F00C9617E /* REDSpaceChallenge_iOSUITests.swift */ = {isa = PBXFileReference; lastKnownFileType = sourcecode.swift; path = REDSpaceChallenge_iOSUITests.swift; sourceTree = "<group>"; };
		6B128B1D276D3A8F00C9617E /* REDSpaceChallenge_iOSUITestsLaunchTests.swift */ = {isa = PBXFileReference; lastKnownFileType = sourcecode.swift; path = REDSpaceChallenge_iOSUITestsLaunchTests.swift; sourceTree = "<group>"; };
		6B128B2D276D3AD200C9617E /* Coordinator.swift */ = {isa = PBXFileReference; fileEncoding = 4; lastKnownFileType = sourcecode.swift; path = Coordinator.swift; sourceTree = "<group>"; };
		6B128B2E276D3AD200C9617E /* DetailCoordinator.swift */ = {isa = PBXFileReference; fileEncoding = 4; lastKnownFileType = sourcecode.swift; path = DetailCoordinator.swift; sourceTree = "<group>"; };
		6B128B2F276D3AD200C9617E /* AppCoordinator.swift */ = {isa = PBXFileReference; fileEncoding = 4; lastKnownFileType = sourcecode.swift; path = AppCoordinator.swift; sourceTree = "<group>"; };
		6B128B33276D3AE400C9617E /* TabBarCoordinator.swift */ = {isa = PBXFileReference; fileEncoding = 4; lastKnownFileType = sourcecode.swift; path = TabBarCoordinator.swift; sourceTree = "<group>"; };
		6B128B36276D3AF700C9617E /* DataBiding.swift */ = {isa = PBXFileReference; fileEncoding = 4; lastKnownFileType = sourcecode.swift; path = DataBiding.swift; sourceTree = "<group>"; };
		6B128B39276D3B0800C9617E /* AppDelegate.swift */ = {isa = PBXFileReference; fileEncoding = 4; lastKnownFileType = sourcecode.swift; path = AppDelegate.swift; sourceTree = "<group>"; };
		6B128B3C276D3B1E00C9617E /* Extensions.swift */ = {isa = PBXFileReference; fileEncoding = 4; lastKnownFileType = sourcecode.swift; path = Extensions.swift; sourceTree = "<group>"; };
		6B128B3E276D3B2500C9617E /* Info.plist */ = {isa = PBXFileReference; fileEncoding = 4; lastKnownFileType = text.plist.xml; path = Info.plist; sourceTree = "<group>"; };
		6B128B41276D3B3800C9617E /* Assets.xcassets */ = {isa = PBXFileReference; lastKnownFileType = folder.assetcatalog; path = Assets.xcassets; sourceTree = "<group>"; };
		6B128B43276D3B4300C9617E /* LaunchScreen.storyboard */ = {isa = PBXFileReference; fileEncoding = 4; lastKnownFileType = file.storyboard; path = LaunchScreen.storyboard; sourceTree = "<group>"; };
		6B128B4D276D3B7E00C9617E /* CharacterResult.swift */ = {isa = PBXFileReference; fileEncoding = 4; lastKnownFileType = sourcecode.swift; path = CharacterResult.swift; sourceTree = "<group>"; };
		6B128B4F276D3B8700C9617E /* CharacterViewController.xib */ = {isa = PBXFileReference; fileEncoding = 4; lastKnownFileType = file.xib; path = CharacterViewController.xib; sourceTree = "<group>"; };
		6B128B50276D3B8700C9617E /* CharacterViewController.swift */ = {isa = PBXFileReference; fileEncoding = 4; lastKnownFileType = sourcecode.swift; path = CharacterViewController.swift; sourceTree = "<group>"; };
		6B128B54276D3B9400C9617E /* CharacterCollectionViewCell.swift */ = {isa = PBXFileReference; fileEncoding = 4; lastKnownFileType = sourcecode.swift; path = CharacterCollectionViewCell.swift; sourceTree = "<group>"; };
		6B128B55276D3B9400C9617E /* CharacterCollectionViewCell.xib */ = {isa = PBXFileReference; fileEncoding = 4; lastKnownFileType = file.xib; path = CharacterCollectionViewCell.xib; sourceTree = "<group>"; };
		6B128B58276D3B9E00C9617E /* CharacterViewModel.swift */ = {isa = PBXFileReference; fileEncoding = 4; lastKnownFileType = sourcecode.swift; path = CharacterViewModel.swift; sourceTree = "<group>"; };
		6B128B5D276D3BC300C9617E /* CharacterData.swift */ = {isa = PBXFileReference; fileEncoding = 4; lastKnownFileType = sourcecode.swift; path = CharacterData.swift; sourceTree = "<group>"; };
		6B128B5F276D3BCC00C9617E /* DetailViewController.swift */ = {isa = PBXFileReference; fileEncoding = 4; lastKnownFileType = sourcecode.swift; path = DetailViewController.swift; sourceTree = "<group>"; };
		6B128B60276D3BCC00C9617E /* DetailViewController.xib */ = {isa = PBXFileReference; fileEncoding = 4; lastKnownFileType = file.xib; path = DetailViewController.xib; sourceTree = "<group>"; };
		6B128B63276D3BD900C9617E /* DetailViewModel.swift */ = {isa = PBXFileReference; fileEncoding = 4; lastKnownFileType = sourcecode.swift; path = DetailViewModel.swift; sourceTree = "<group>"; };
		6B128B68276D3BFF00C9617E /* EpisodeResult.swift */ = {isa = PBXFileReference; fileEncoding = 4; lastKnownFileType = sourcecode.swift; path = EpisodeResult.swift; sourceTree = "<group>"; };
		6B128B6A276D3C0A00C9617E /* EpisodiesViewController.swift */ = {isa = PBXFileReference; fileEncoding = 4; lastKnownFileType = sourcecode.swift; path = EpisodiesViewController.swift; sourceTree = "<group>"; };
		6B128B6B276D3C0A00C9617E /* EpisodiesViewController.xib */ = {isa = PBXFileReference; fileEncoding = 4; lastKnownFileType = file.xib; path = EpisodiesViewController.xib; sourceTree = "<group>"; };
		6B128B6F276D3C1800C9617E /* EpisodeTableViewCell.swift */ = {isa = PBXFileReference; fileEncoding = 4; lastKnownFileType = sourcecode.swift; path = EpisodeTableViewCell.swift; sourceTree = "<group>"; };
		6B128B70276D3C1800C9617E /* EpisodeTableViewCell.xib */ = {isa = PBXFileReference; fileEncoding = 4; lastKnownFileType = file.xib; path = EpisodeTableViewCell.xib; sourceTree = "<group>"; };
		6B128B73276D3C2300C9617E /* EpisodiesViewModel.swift */ = {isa = PBXFileReference; fileEncoding = 4; lastKnownFileType = sourcecode.swift; path = EpisodiesViewModel.swift; sourceTree = "<group>"; };
		6B128B78276D3C5000C9617E /* LocationViewModel.swift */ = {isa = PBXFileReference; fileEncoding = 4; lastKnownFileType = sourcecode.swift; path = LocationViewModel.swift; sourceTree = "<group>"; };
		6B128B7A276D3C5900C9617E /* LocationsViewController.xib */ = {isa = PBXFileReference; fileEncoding = 4; lastKnownFileType = file.xib; path = LocationsViewController.xib; sourceTree = "<group>"; };
		6B128B7B276D3C5900C9617E /* LocationsViewController.swift */ = {isa = PBXFileReference; fileEncoding = 4; lastKnownFileType = sourcecode.swift; path = LocationsViewController.swift; sourceTree = "<group>"; };
		6B128B7F276D3C6800C9617E /* LocationViewCellTableViewCell.swift */ = {isa = PBXFileReference; fileEncoding = 4; lastKnownFileType = sourcecode.swift; path = LocationViewCellTableViewCell.swift; sourceTree = "<group>"; };
		6B128B80276D3C6800C9617E /* LocationViewCellTableViewCell.xib */ = {isa = PBXFileReference; fileEncoding = 4; lastKnownFileType = file.xib; path = LocationViewCellTableViewCell.xib; sourceTree = "<group>"; };
		6B128B83276D3C7200C9617E /* LocationResult.swift */ = {isa = PBXFileReference; fileEncoding = 4; lastKnownFileType = sourcecode.swift; path = LocationResult.swift; sourceTree = "<group>"; };
		6B128B86276D3C8400C9617E /* RickAndMortyAPI.swift */ = {isa = PBXFileReference; fileEncoding = 4; lastKnownFileType = sourcecode.swift; path = RickAndMortyAPI.swift; sourceTree = "<group>"; };
		6B128B87276D3C8400C9617E /* RickAndMortyServicesRequest.swift */ = {isa = PBXFileReference; fileEncoding = 4; lastKnownFileType = sourcecode.swift; path = RickAndMortyServicesRequest.swift; sourceTree = "<group>"; };
		6B128B88276D3C8400C9617E /* ServicesConstants.swift */ = {isa = PBXFileReference; fileEncoding = 4; lastKnownFileType = sourcecode.swift; path = ServicesConstants.swift; sourceTree = "<group>"; };
		6B128B8D276D3C9600C9617E /* Constants.swift */ = {isa = PBXFileReference; fileEncoding = 4; lastKnownFileType = sourcecode.swift; path = Constants.swift; sourceTree = "<group>"; };
		6B128B92276D3CB000C9617E /* ModalContainerView.swift */ = {isa = PBXFileReference; fileEncoding = 4; lastKnownFileType = sourcecode.swift; path = ModalContainerView.swift; sourceTree = "<group>"; };
		6B128B93276D3CB000C9617E /* ModalViewController.swift */ = {isa = PBXFileReference; fileEncoding = 4; lastKnownFileType = sourcecode.swift; path = ModalViewController.swift; sourceTree = "<group>"; };
		6B128B97276D3CBF00C9617E /* BodyLabel.swift */ = {isa = PBXFileReference; fileEncoding = 4; lastKnownFileType = sourcecode.swift; path = BodyLabel.swift; sourceTree = "<group>"; };
		6B128B98276D3CBF00C9617E /* TitleLabel.swift */ = {isa = PBXFileReference; fileEncoding = 4; lastKnownFileType = sourcecode.swift; path = TitleLabel.swift; sourceTree = "<group>"; };
		6B128B99276D3CBF00C9617E /* ActionButton.swift */ = {isa = PBXFileReference; fileEncoding = 4; lastKnownFileType = sourcecode.swift; path = ActionButton.swift; sourceTree = "<group>"; };
		6B128B9D276D3CCB00C9617E /* SpinnerView.xib */ = {isa = PBXFileReference; fileEncoding = 4; lastKnownFileType = file.xib; path = SpinnerView.xib; sourceTree = "<group>"; };
		6B128B9E276D3CCB00C9617E /* SpinnerView.swift */ = {isa = PBXFileReference; fileEncoding = 4; lastKnownFileType = sourcecode.swift; path = SpinnerView.swift; sourceTree = "<group>"; };
		6B128BA6276D6D8100C9617E /* SpinnerViewTest.swift */ = {isa = PBXFileReference; fileEncoding = 4; lastKnownFileType = sourcecode.swift; path = SpinnerViewTest.swift; sourceTree = "<group>"; };
		6B128BA8276D6D9F00C9617E /* AppCoordinatorTest.swift */ = {isa = PBXFileReference; fileEncoding = 4; lastKnownFileType = sourcecode.swift; path = AppCoordinatorTest.swift; sourceTree = "<group>"; };
		6B128BA9276D6D9F00C9617E /* DetailCoordinatorTest.swift */ = {isa = PBXFileReference; fileEncoding = 4; lastKnownFileType = sourcecode.swift; path = DetailCoordinatorTest.swift; sourceTree = "<group>"; };
/* End PBXFileReference section */

/* Begin PBXFrameworksBuildPhase section */
		6B128AF4276D3A8D00C9617E /* Frameworks */ = {
			isa = PBXFrameworksBuildPhase;
			buildActionMask = 2147483647;
			files = (
				6B128BA3276D63E200C9617E /* JNetworking in Frameworks */,
			);
			runOnlyForDeploymentPostprocessing = 0;
		};
		6B128B0A276D3A8F00C9617E /* Frameworks */ = {
			isa = PBXFrameworksBuildPhase;
			buildActionMask = 2147483647;
			files = (
			);
			runOnlyForDeploymentPostprocessing = 0;
		};
		6B128B14276D3A8F00C9617E /* Frameworks */ = {
			isa = PBXFrameworksBuildPhase;
			buildActionMask = 2147483647;
			files = (
			);
			runOnlyForDeploymentPostprocessing = 0;
		};
/* End PBXFrameworksBuildPhase section */

/* Begin PBXGroup section */
		6B128AEE276D3A8D00C9617E = {
			isa = PBXGroup;
			children = (
				6B128AF9276D3A8D00C9617E /* REDSpaceChallenge-iOS */,
				6B128B10276D3A8F00C9617E /* REDSpaceChallenge-iOSTests */,
				6B128B1A276D3A8F00C9617E /* REDSpaceChallenge-iOSUITests */,
				6B128AF8276D3A8D00C9617E /* Products */,
			);
			sourceTree = "<group>";
		};
		6B128AF8276D3A8D00C9617E /* Products */ = {
			isa = PBXGroup;
			children = (
				6B128AF7276D3A8D00C9617E /* REDSpaceChallenge-iOS.app */,
				6B128B0D276D3A8F00C9617E /* REDSpaceChallenge-iOSTests.xctest */,
				6B128B17276D3A8F00C9617E /* REDSpaceChallenge-iOSUITests.xctest */,
			);
			name = Products;
			sourceTree = "<group>";
		};
		6B128AF9276D3A8D00C9617E /* REDSpaceChallenge-iOS */ = {
			isa = PBXGroup;
			children = (
				6B128B2C276D3AC300C9617E /* Coordinator */,
				6B128B35276D3AEC00C9617E /* DataBiding */,
				6B128B38276D3AFE00C9617E /* Delegate */,
				6B128B3B276D3B1200C9617E /* Extensions */,
				6B128B3E276D3B2500C9617E /* Info.plist */,
				6B128B40276D3B2E00C9617E /* Resources */,
				6B128B45276D3B4F00C9617E /* Scenes */,
				6B128B85276D3C7900C9617E /* Services */,
				6B128B8C276D3C8E00C9617E /* Utils */,
				6B128B8F276D3C9D00C9617E /* Views */,
			);
			path = "REDSpaceChallenge-iOS";
			sourceTree = "<group>";
		};
		6B128B10276D3A8F00C9617E /* REDSpaceChallenge-iOSTests */ = {
			isa = PBXGroup;
			children = (
				6B128BA5276D6D7200C9617E /* Views */,
				6B128BA4276D6D6E00C9617E /* Coordinators */,
			);
			path = "REDSpaceChallenge-iOSTests";
			sourceTree = "<group>";
		};
		6B128B1A276D3A8F00C9617E /* REDSpaceChallenge-iOSUITests */ = {
			isa = PBXGroup;
			children = (
				6B128B1B276D3A8F00C9617E /* REDSpaceChallenge_iOSUITests.swift */,
				6B128B1D276D3A8F00C9617E /* REDSpaceChallenge_iOSUITestsLaunchTests.swift */,
			);
			path = "REDSpaceChallenge-iOSUITests";
			sourceTree = "<group>";
		};
		6B128B2C276D3AC300C9617E /* Coordinator */ = {
			isa = PBXGroup;
			children = (
				6B128B33276D3AE400C9617E /* TabBarCoordinator.swift */,
				6B128B2F276D3AD200C9617E /* AppCoordinator.swift */,
				6B128B2D276D3AD200C9617E /* Coordinator.swift */,
				6B128B2E276D3AD200C9617E /* DetailCoordinator.swift */,
			);
			path = Coordinator;
			sourceTree = "<group>";
		};
		6B128B35276D3AEC00C9617E /* DataBiding */ = {
			isa = PBXGroup;
			children = (
				6B128B36276D3AF700C9617E /* DataBiding.swift */,
			);
			path = DataBiding;
			sourceTree = "<group>";
		};
		6B128B38276D3AFE00C9617E /* Delegate */ = {
			isa = PBXGroup;
			children = (
				6B128B39276D3B0800C9617E /* AppDelegate.swift */,
			);
			path = Delegate;
			sourceTree = "<group>";
		};
		6B128B3B276D3B1200C9617E /* Extensions */ = {
			isa = PBXGroup;
			children = (
				6B128B3C276D3B1E00C9617E /* Extensions.swift */,
			);
			path = Extensions;
			sourceTree = "<group>";
		};
		6B128B40276D3B2E00C9617E /* Resources */ = {
			isa = PBXGroup;
			children = (
				6B128B43276D3B4300C9617E /* LaunchScreen.storyboard */,
				6B128B41276D3B3800C9617E /* Assets.xcassets */,
			);
			path = Resources;
			sourceTree = "<group>";
		};
		6B128B45276D3B4F00C9617E /* Scenes */ = {
			isa = PBXGroup;
			children = (
				6B128B49276D3B6300C9617E /* Location */,
				6B128B48276D3B5D00C9617E /* Episodies */,
				6B128B47276D3B5800C9617E /* Detail */,
				6B128B46276D3B5100C9617E /* Character */,
			);
			path = Scenes;
			sourceTree = "<group>";
		};
		6B128B46276D3B5100C9617E /* Character */ = {
			isa = PBXGroup;
			children = (
				6B128B4C276D3B7200C9617E /* ViewModel */,
				6B128B4B276D3B6F00C9617E /* View */,
				6B128B4A276D3B6C00C9617E /* Model */,
			);
			path = Character;
			sourceTree = "<group>";
		};
		6B128B47276D3B5800C9617E /* Detail */ = {
			isa = PBXGroup;
			children = (
				6B128B5C276D3BBB00C9617E /* View */,
				6B128B5B276D3BB700C9617E /* ViewModel */,
				6B128B5A276D3BB400C9617E /* Model */,
			);
			path = Detail;
			sourceTree = "<group>";
		};
		6B128B48276D3B5D00C9617E /* Episodies */ = {
			isa = PBXGroup;
			children = (
				6B128B67276D3BF300C9617E /* View */,
				6B128B66276D3BEE00C9617E /* ViewModel */,
				6B128B65276D3BEC00C9617E /* Model */,
			);
			path = Episodies;
			sourceTree = "<group>";
		};
		6B128B49276D3B6300C9617E /* Location */ = {
			isa = PBXGroup;
			children = (
				6B128B77276D3C4500C9617E /* ViewModel */,
				6B128B76276D3C4200C9617E /* View */,
				6B128B75276D3C3F00C9617E /* Model */,
			);
			path = Location;
			sourceTree = "<group>";
		};
		6B128B4A276D3B6C00C9617E /* Model */ = {
			isa = PBXGroup;
			children = (
				6B128B4D276D3B7E00C9617E /* CharacterResult.swift */,
			);
			path = Model;
			sourceTree = "<group>";
		};
		6B128B4B276D3B6F00C9617E /* View */ = {
			isa = PBXGroup;
			children = (
				6B128B53276D3B8900C9617E /* Cell */,
				6B128B50276D3B8700C9617E /* CharacterViewController.swift */,
				6B128B4F276D3B8700C9617E /* CharacterViewController.xib */,
			);
			path = View;
			sourceTree = "<group>";
		};
		6B128B4C276D3B7200C9617E /* ViewModel */ = {
			isa = PBXGroup;
			children = (
				6B128B58276D3B9E00C9617E /* CharacterViewModel.swift */,
			);
			path = ViewModel;
			sourceTree = "<group>";
		};
		6B128B53276D3B8900C9617E /* Cell */ = {
			isa = PBXGroup;
			children = (
				6B128B54276D3B9400C9617E /* CharacterCollectionViewCell.swift */,
				6B128B55276D3B9400C9617E /* CharacterCollectionViewCell.xib */,
			);
			path = Cell;
			sourceTree = "<group>";
		};
		6B128B5A276D3BB400C9617E /* Model */ = {
			isa = PBXGroup;
			children = (
				6B128B5D276D3BC300C9617E /* CharacterData.swift */,
			);
			path = Model;
			sourceTree = "<group>";
		};
		6B128B5B276D3BB700C9617E /* ViewModel */ = {
			isa = PBXGroup;
			children = (
				6B128B63276D3BD900C9617E /* DetailViewModel.swift */,
			);
			path = ViewModel;
			sourceTree = "<group>";
		};
		6B128B5C276D3BBB00C9617E /* View */ = {
			isa = PBXGroup;
			children = (
				6B128B5F276D3BCC00C9617E /* DetailViewController.swift */,
				6B128B60276D3BCC00C9617E /* DetailViewController.xib */,
			);
			path = View;
			sourceTree = "<group>";
		};
		6B128B65276D3BEC00C9617E /* Model */ = {
			isa = PBXGroup;
			children = (
				6B128B68276D3BFF00C9617E /* EpisodeResult.swift */,
			);
			path = Model;
			sourceTree = "<group>";
		};
		6B128B66276D3BEE00C9617E /* ViewModel */ = {
			isa = PBXGroup;
			children = (
				6B128B73276D3C2300C9617E /* EpisodiesViewModel.swift */,
			);
			path = ViewModel;
			sourceTree = "<group>";
		};
		6B128B67276D3BF300C9617E /* View */ = {
			isa = PBXGroup;
			children = (
				6B128B6E276D3C0B00C9617E /* Cell */,
				6B128B6A276D3C0A00C9617E /* EpisodiesViewController.swift */,
				6B128B6B276D3C0A00C9617E /* EpisodiesViewController.xib */,
			);
			path = View;
			sourceTree = "<group>";
		};
		6B128B6E276D3C0B00C9617E /* Cell */ = {
			isa = PBXGroup;
			children = (
				6B128B6F276D3C1800C9617E /* EpisodeTableViewCell.swift */,
				6B128B70276D3C1800C9617E /* EpisodeTableViewCell.xib */,
			);
			path = Cell;
			sourceTree = "<group>";
		};
		6B128B75276D3C3F00C9617E /* Model */ = {
			isa = PBXGroup;
			children = (
				6B128B83276D3C7200C9617E /* LocationResult.swift */,
			);
			path = Model;
			sourceTree = "<group>";
		};
		6B128B76276D3C4200C9617E /* View */ = {
			isa = PBXGroup;
			children = (
				6B128B7E276D3C5C00C9617E /* Cell */,
				6B128B7B276D3C5900C9617E /* LocationsViewController.swift */,
				6B128B7A276D3C5900C9617E /* LocationsViewController.xib */,
			);
			path = View;
			sourceTree = "<group>";
		};
		6B128B77276D3C4500C9617E /* ViewModel */ = {
			isa = PBXGroup;
			children = (
				6B128B78276D3C5000C9617E /* LocationViewModel.swift */,
			);
			path = ViewModel;
			sourceTree = "<group>";
		};
		6B128B7E276D3C5C00C9617E /* Cell */ = {
			isa = PBXGroup;
			children = (
				6B128B7F276D3C6800C9617E /* LocationViewCellTableViewCell.swift */,
				6B128B80276D3C6800C9617E /* LocationViewCellTableViewCell.xib */,
			);
			path = Cell;
			sourceTree = "<group>";
		};
		6B128B85276D3C7900C9617E /* Services */ = {
			isa = PBXGroup;
			children = (
				6B128B86276D3C8400C9617E /* RickAndMortyAPI.swift */,
				6B128B87276D3C8400C9617E /* RickAndMortyServicesRequest.swift */,
				6B128B88276D3C8400C9617E /* ServicesConstants.swift */,
			);
			path = Services;
			sourceTree = "<group>";
		};
		6B128B8C276D3C8E00C9617E /* Utils */ = {
			isa = PBXGroup;
			children = (
				6B128B8D276D3C9600C9617E /* Constants.swift */,
			);
			path = Utils;
			sourceTree = "<group>";
		};
		6B128B8F276D3C9D00C9617E /* Views */ = {
			isa = PBXGroup;
			children = (
				6B128B91276D3CA400C9617E /* Spinner */,
				6B128B90276D3CA100C9617E /* Modal */,
			);
			path = Views;
			sourceTree = "<group>";
		};
		6B128B90276D3CA100C9617E /* Modal */ = {
			isa = PBXGroup;
			children = (
				6B128B96276D3CB200C9617E /* Components */,
				6B128B92276D3CB000C9617E /* ModalContainerView.swift */,
				6B128B93276D3CB000C9617E /* ModalViewController.swift */,
			);
			path = Modal;
			sourceTree = "<group>";
		};
		6B128B91276D3CA400C9617E /* Spinner */ = {
			isa = PBXGroup;
			children = (
				6B128B9E276D3CCB00C9617E /* SpinnerView.swift */,
				6B128B9D276D3CCB00C9617E /* SpinnerView.xib */,
			);
			path = Spinner;
			sourceTree = "<group>";
		};
		6B128B96276D3CB200C9617E /* Components */ = {
			isa = PBXGroup;
			children = (
				6B128B99276D3CBF00C9617E /* ActionButton.swift */,
				6B128B97276D3CBF00C9617E /* BodyLabel.swift */,
				6B128B98276D3CBF00C9617E /* TitleLabel.swift */,
			);
			path = Components;
			sourceTree = "<group>";
		};
		6B128BA4276D6D6E00C9617E /* Coordinators */ = {
			isa = PBXGroup;
			children = (
				6B128BA8276D6D9F00C9617E /* AppCoordinatorTest.swift */,
				6B128BA9276D6D9F00C9617E /* DetailCoordinatorTest.swift */,
			);
			path = Coordinators;
			sourceTree = "<group>";
		};
		6B128BA5276D6D7200C9617E /* Views */ = {
			isa = PBXGroup;
			children = (
				6B128BA6276D6D8100C9617E /* SpinnerViewTest.swift */,
			);
			path = Views;
			sourceTree = "<group>";
		};
/* End PBXGroup section */

/* Begin PBXNativeTarget section */
		6B128AF6276D3A8D00C9617E /* REDSpaceChallenge-iOS */ = {
			isa = PBXNativeTarget;
			buildConfigurationList = 6B128B21276D3A8F00C9617E /* Build configuration list for PBXNativeTarget "REDSpaceChallenge-iOS" */;
			buildPhases = (
				6B128AF3276D3A8D00C9617E /* Sources */,
				6B128AF4276D3A8D00C9617E /* Frameworks */,
				6B128AF5276D3A8D00C9617E /* Resources */,
			);
			buildRules = (
			);
			dependencies = (
			);
			name = "REDSpaceChallenge-iOS";
			packageProductDependencies = (
				6B128BA2276D63E200C9617E /* JNetworking */,
			);
			productName = "REDSpaceChallenge-iOS";
			productReference = 6B128AF7276D3A8D00C9617E /* REDSpaceChallenge-iOS.app */;
			productType = "com.apple.product-type.application";
		};
		6B128B0C276D3A8F00C9617E /* REDSpaceChallenge-iOSTests */ = {
			isa = PBXNativeTarget;
			buildConfigurationList = 6B128B24276D3A8F00C9617E /* Build configuration list for PBXNativeTarget "REDSpaceChallenge-iOSTests" */;
			buildPhases = (
				6B128B09276D3A8F00C9617E /* Sources */,
				6B128B0A276D3A8F00C9617E /* Frameworks */,
				6B128B0B276D3A8F00C9617E /* Resources */,
			);
			buildRules = (
			);
			dependencies = (
				6B128B0F276D3A8F00C9617E /* PBXTargetDependency */,
			);
			name = "REDSpaceChallenge-iOSTests";
			productName = "REDSpaceChallenge-iOSTests";
			productReference = 6B128B0D276D3A8F00C9617E /* REDSpaceChallenge-iOSTests.xctest */;
			productType = "com.apple.product-type.bundle.unit-test";
		};
		6B128B16276D3A8F00C9617E /* REDSpaceChallenge-iOSUITests */ = {
			isa = PBXNativeTarget;
			buildConfigurationList = 6B128B27276D3A8F00C9617E /* Build configuration list for PBXNativeTarget "REDSpaceChallenge-iOSUITests" */;
			buildPhases = (
				6B128B13276D3A8F00C9617E /* Sources */,
				6B128B14276D3A8F00C9617E /* Frameworks */,
				6B128B15276D3A8F00C9617E /* Resources */,
			);
			buildRules = (
			);
			dependencies = (
				6B128B19276D3A8F00C9617E /* PBXTargetDependency */,
			);
			name = "REDSpaceChallenge-iOSUITests";
			productName = "REDSpaceChallenge-iOSUITests";
			productReference = 6B128B17276D3A8F00C9617E /* REDSpaceChallenge-iOSUITests.xctest */;
			productType = "com.apple.product-type.bundle.ui-testing";
		};
/* End PBXNativeTarget section */

/* Begin PBXProject section */
		6B128AEF276D3A8D00C9617E /* Project object */ = {
			isa = PBXProject;
			attributes = {
				BuildIndependentTargetsInParallel = 1;
				LastSwiftUpdateCheck = 1310;
				LastUpgradeCheck = 1310;
				TargetAttributes = {
					6B128AF6276D3A8D00C9617E = {
						CreatedOnToolsVersion = 13.1;
						LastSwiftMigration = 1310;
					};
					6B128B0C276D3A8F00C9617E = {
						CreatedOnToolsVersion = 13.1;
						LastSwiftMigration = 1310;
						TestTargetID = 6B128AF6276D3A8D00C9617E;
					};
					6B128B16276D3A8F00C9617E = {
						CreatedOnToolsVersion = 13.1;
						TestTargetID = 6B128AF6276D3A8D00C9617E;
					};
				};
			};
			buildConfigurationList = 6B128AF2276D3A8D00C9617E /* Build configuration list for PBXProject "REDSpaceChallenge-iOS" */;
			compatibilityVersion = "Xcode 13.0";
			developmentRegion = en;
			hasScannedForEncodings = 0;
			knownRegions = (
				en,
				Base,
			);
			mainGroup = 6B128AEE276D3A8D00C9617E;
			packageReferences = (
				6B128BA1276D63E200C9617E /* XCRemoteSwiftPackageReference "JNetWorking" */,
			);
			productRefGroup = 6B128AF8276D3A8D00C9617E /* Products */;
			projectDirPath = "";
			projectRoot = "";
			targets = (
				6B128AF6276D3A8D00C9617E /* REDSpaceChallenge-iOS */,
				6B128B0C276D3A8F00C9617E /* REDSpaceChallenge-iOSTests */,
				6B128B16276D3A8F00C9617E /* REDSpaceChallenge-iOSUITests */,
			);
		};
/* End PBXProject section */

/* Begin PBXResourcesBuildPhase section */
		6B128AF5276D3A8D00C9617E /* Resources */ = {
			isa = PBXResourcesBuildPhase;
			buildActionMask = 2147483647;
			files = (
				6B128B51276D3B8700C9617E /* CharacterViewController.xib in Resources */,
				6B128B62276D3BCC00C9617E /* DetailViewController.xib in Resources */,
				6B128B44276D3B4300C9617E /* LaunchScreen.storyboard in Resources */,
				6B128B7C276D3C5900C9617E /* LocationsViewController.xib in Resources */,
				6B128B42276D3B3800C9617E /* Assets.xcassets in Resources */,
				6B128B82276D3C6800C9617E /* LocationViewCellTableViewCell.xib in Resources */,
				6B128B57276D3B9400C9617E /* CharacterCollectionViewCell.xib in Resources */,
				6B128B72276D3C1800C9617E /* EpisodeTableViewCell.xib in Resources */,
				6B128B9F276D3CCB00C9617E /* SpinnerView.xib in Resources */,
				6B128B6D276D3C0A00C9617E /* EpisodiesViewController.xib in Resources */,
			);
			runOnlyForDeploymentPostprocessing = 0;
		};
		6B128B0B276D3A8F00C9617E /* Resources */ = {
			isa = PBXResourcesBuildPhase;
			buildActionMask = 2147483647;
			files = (
			);
			runOnlyForDeploymentPostprocessing = 0;
		};
		6B128B15276D3A8F00C9617E /* Resources */ = {
			isa = PBXResourcesBuildPhase;
			buildActionMask = 2147483647;
			files = (
			);
			runOnlyForDeploymentPostprocessing = 0;
		};
/* End PBXResourcesBuildPhase section */

/* Begin PBXSourcesBuildPhase section */
		6B128AF3276D3A8D00C9617E /* Sources */ = {
			isa = PBXSourcesBuildPhase;
			buildActionMask = 2147483647;
			files = (
				6B128B9C276D3CBF00C9617E /* ActionButton.swift in Sources */,
				6B128B8A276D3C8400C9617E /* RickAndMortyServicesRequest.swift in Sources */,
				6B128B61276D3BCC00C9617E /* DetailViewController.swift in Sources */,
				6B128B56276D3B9400C9617E /* CharacterCollectionViewCell.swift in Sources */,
				6B128B9B276D3CBF00C9617E /* TitleLabel.swift in Sources */,
				6B128B52276D3B8700C9617E /* CharacterViewController.swift in Sources */,
				6B128BA0276D3CCB00C9617E /* SpinnerView.swift in Sources */,
				6B128B79276D3C5000C9617E /* LocationViewModel.swift in Sources */,
				6B128B3A276D3B0800C9617E /* AppDelegate.swift in Sources */,
				6B128B32276D3AD200C9617E /* AppCoordinator.swift in Sources */,
				6B128B94276D3CB000C9617E /* ModalContainerView.swift in Sources */,
				6B128B8E276D3C9600C9617E /* Constants.swift in Sources */,
				6B128B30276D3AD200C9617E /* Coordinator.swift in Sources */,
				6B128B69276D3BFF00C9617E /* EpisodeResult.swift in Sources */,
				6B128B5E276D3BC300C9617E /* CharacterData.swift in Sources */,
				6B128B34276D3AE400C9617E /* TabBarCoordinator.swift in Sources */,
				6B128B59276D3B9E00C9617E /* CharacterViewModel.swift in Sources */,
				6B128B7D276D3C5900C9617E /* LocationsViewController.swift in Sources */,
				6B128B8B276D3C8400C9617E /* ServicesConstants.swift in Sources */,
				6B128B74276D3C2300C9617E /* EpisodiesViewModel.swift in Sources */,
				6B128B71276D3C1800C9617E /* EpisodeTableViewCell.swift in Sources */,
				6B128B64276D3BD900C9617E /* DetailViewModel.swift in Sources */,
				6B128B89276D3C8400C9617E /* RickAndMortyAPI.swift in Sources */,
				6B128B95276D3CB000C9617E /* ModalViewController.swift in Sources */,
				6B128B4E276D3B7E00C9617E /* CharacterResult.swift in Sources */,
				6B128B6C276D3C0A00C9617E /* EpisodiesViewController.swift in Sources */,
				6B128B81276D3C6800C9617E /* LocationViewCellTableViewCell.swift in Sources */,
				6B128B37276D3AF700C9617E /* DataBiding.swift in Sources */,
				6B128B84276D3C7200C9617E /* LocationResult.swift in Sources */,
				6B128B31276D3AD200C9617E /* DetailCoordinator.swift in Sources */,
				6B128B3D276D3B1E00C9617E /* Extensions.swift in Sources */,
				6B128B9A276D3CBF00C9617E /* BodyLabel.swift in Sources */,
			);
			runOnlyForDeploymentPostprocessing = 0;
		};
		6B128B09276D3A8F00C9617E /* Sources */ = {
			isa = PBXSourcesBuildPhase;
			buildActionMask = 2147483647;
			files = (
				6B128BAA276D6D9F00C9617E /* AppCoordinatorTest.swift in Sources */,
				6B128BA7276D6D8100C9617E /* SpinnerViewTest.swift in Sources */,
				6B128BAB276D6D9F00C9617E /* DetailCoordinatorTest.swift in Sources */,
			);
			runOnlyForDeploymentPostprocessing = 0;
		};
		6B128B13276D3A8F00C9617E /* Sources */ = {
			isa = PBXSourcesBuildPhase;
			buildActionMask = 2147483647;
			files = (
				6B128B1C276D3A8F00C9617E /* REDSpaceChallenge_iOSUITests.swift in Sources */,
				6B128B1E276D3A8F00C9617E /* REDSpaceChallenge_iOSUITestsLaunchTests.swift in Sources */,
			);
			runOnlyForDeploymentPostprocessing = 0;
		};
/* End PBXSourcesBuildPhase section */

/* Begin PBXTargetDependency section */
		6B128B0F276D3A8F00C9617E /* PBXTargetDependency */ = {
			isa = PBXTargetDependency;
			target = 6B128AF6276D3A8D00C9617E /* REDSpaceChallenge-iOS */;
			targetProxy = 6B128B0E276D3A8F00C9617E /* PBXContainerItemProxy */;
		};
		6B128B19276D3A8F00C9617E /* PBXTargetDependency */ = {
			isa = PBXTargetDependency;
			target = 6B128AF6276D3A8D00C9617E /* REDSpaceChallenge-iOS */;
			targetProxy = 6B128B18276D3A8F00C9617E /* PBXContainerItemProxy */;
		};
/* End PBXTargetDependency section */

/* Begin XCBuildConfiguration section */
		6B128B1F276D3A8F00C9617E /* Debug */ = {
			isa = XCBuildConfiguration;
			buildSettings = {
				ALWAYS_SEARCH_USER_PATHS = NO;
				CLANG_ANALYZER_NONNULL = YES;
				CLANG_ANALYZER_NUMBER_OBJECT_CONVERSION = YES_AGGRESSIVE;
				CLANG_CXX_LANGUAGE_STANDARD = "gnu++17";
				CLANG_CXX_LIBRARY = "libc++";
				CLANG_ENABLE_MODULES = YES;
				CLANG_ENABLE_OBJC_ARC = YES;
				CLANG_ENABLE_OBJC_WEAK = YES;
				CLANG_WARN_BLOCK_CAPTURE_AUTORELEASING = YES;
				CLANG_WARN_BOOL_CONVERSION = YES;
				CLANG_WARN_COMMA = YES;
				CLANG_WARN_CONSTANT_CONVERSION = YES;
				CLANG_WARN_DEPRECATED_OBJC_IMPLEMENTATIONS = YES;
				CLANG_WARN_DIRECT_OBJC_ISA_USAGE = YES_ERROR;
				CLANG_WARN_DOCUMENTATION_COMMENTS = YES;
				CLANG_WARN_EMPTY_BODY = YES;
				CLANG_WARN_ENUM_CONVERSION = YES;
				CLANG_WARN_INFINITE_RECURSION = YES;
				CLANG_WARN_INT_CONVERSION = YES;
				CLANG_WARN_NON_LITERAL_NULL_CONVERSION = YES;
				CLANG_WARN_OBJC_IMPLICIT_RETAIN_SELF = YES;
				CLANG_WARN_OBJC_LITERAL_CONVERSION = YES;
				CLANG_WARN_OBJC_ROOT_CLASS = YES_ERROR;
				CLANG_WARN_QUOTED_INCLUDE_IN_FRAMEWORK_HEADER = YES;
				CLANG_WARN_RANGE_LOOP_ANALYSIS = YES;
				CLANG_WARN_STRICT_PROTOTYPES = YES;
				CLANG_WARN_SUSPICIOUS_MOVE = YES;
				CLANG_WARN_UNGUARDED_AVAILABILITY = YES_AGGRESSIVE;
				CLANG_WARN_UNREACHABLE_CODE = YES;
				CLANG_WARN__DUPLICATE_METHOD_MATCH = YES;
				COPY_PHASE_STRIP = NO;
				DEBUG_INFORMATION_FORMAT = dwarf;
				ENABLE_STRICT_OBJC_MSGSEND = YES;
				ENABLE_TESTABILITY = YES;
				GCC_C_LANGUAGE_STANDARD = gnu11;
				GCC_DYNAMIC_NO_PIC = NO;
				GCC_NO_COMMON_BLOCKS = YES;
				GCC_OPTIMIZATION_LEVEL = 0;
				GCC_PREPROCESSOR_DEFINITIONS = (
					"DEBUG=1",
					"$(inherited)",
				);
				GCC_WARN_64_TO_32_BIT_CONVERSION = YES;
				GCC_WARN_ABOUT_RETURN_TYPE = YES_ERROR;
				GCC_WARN_UNDECLARED_SELECTOR = YES;
				GCC_WARN_UNINITIALIZED_AUTOS = YES_AGGRESSIVE;
				GCC_WARN_UNUSED_FUNCTION = YES;
				GCC_WARN_UNUSED_VARIABLE = YES;
				IPHONEOS_DEPLOYMENT_TARGET = 15.0;
				MTL_ENABLE_DEBUG_INFO = INCLUDE_SOURCE;
				MTL_FAST_MATH = YES;
				ONLY_ACTIVE_ARCH = YES;
				SDKROOT = iphoneos;
				SWIFT_ACTIVE_COMPILATION_CONDITIONS = DEBUG;
				SWIFT_OPTIMIZATION_LEVEL = "-Onone";
			};
			name = Debug;
		};
		6B128B20276D3A8F00C9617E /* Release */ = {
			isa = XCBuildConfiguration;
			buildSettings = {
				ALWAYS_SEARCH_USER_PATHS = NO;
				CLANG_ANALYZER_NONNULL = YES;
				CLANG_ANALYZER_NUMBER_OBJECT_CONVERSION = YES_AGGRESSIVE;
				CLANG_CXX_LANGUAGE_STANDARD = "gnu++17";
				CLANG_CXX_LIBRARY = "libc++";
				CLANG_ENABLE_MODULES = YES;
				CLANG_ENABLE_OBJC_ARC = YES;
				CLANG_ENABLE_OBJC_WEAK = YES;
				CLANG_WARN_BLOCK_CAPTURE_AUTORELEASING = YES;
				CLANG_WARN_BOOL_CONVERSION = YES;
				CLANG_WARN_COMMA = YES;
				CLANG_WARN_CONSTANT_CONVERSION = YES;
				CLANG_WARN_DEPRECATED_OBJC_IMPLEMENTATIONS = YES;
				CLANG_WARN_DIRECT_OBJC_ISA_USAGE = YES_ERROR;
				CLANG_WARN_DOCUMENTATION_COMMENTS = YES;
				CLANG_WARN_EMPTY_BODY = YES;
				CLANG_WARN_ENUM_CONVERSION = YES;
				CLANG_WARN_INFINITE_RECURSION = YES;
				CLANG_WARN_INT_CONVERSION = YES;
				CLANG_WARN_NON_LITERAL_NULL_CONVERSION = YES;
				CLANG_WARN_OBJC_IMPLICIT_RETAIN_SELF = YES;
				CLANG_WARN_OBJC_LITERAL_CONVERSION = YES;
				CLANG_WARN_OBJC_ROOT_CLASS = YES_ERROR;
				CLANG_WARN_QUOTED_INCLUDE_IN_FRAMEWORK_HEADER = YES;
				CLANG_WARN_RANGE_LOOP_ANALYSIS = YES;
				CLANG_WARN_STRICT_PROTOTYPES = YES;
				CLANG_WARN_SUSPICIOUS_MOVE = YES;
				CLANG_WARN_UNGUARDED_AVAILABILITY = YES_AGGRESSIVE;
				CLANG_WARN_UNREACHABLE_CODE = YES;
				CLANG_WARN__DUPLICATE_METHOD_MATCH = YES;
				COPY_PHASE_STRIP = NO;
				DEBUG_INFORMATION_FORMAT = "dwarf-with-dsym";
				ENABLE_NS_ASSERTIONS = NO;
				ENABLE_STRICT_OBJC_MSGSEND = YES;
				GCC_C_LANGUAGE_STANDARD = gnu11;
				GCC_NO_COMMON_BLOCKS = YES;
				GCC_WARN_64_TO_32_BIT_CONVERSION = YES;
				GCC_WARN_ABOUT_RETURN_TYPE = YES_ERROR;
				GCC_WARN_UNDECLARED_SELECTOR = YES;
				GCC_WARN_UNINITIALIZED_AUTOS = YES_AGGRESSIVE;
				GCC_WARN_UNUSED_FUNCTION = YES;
				GCC_WARN_UNUSED_VARIABLE = YES;
				IPHONEOS_DEPLOYMENT_TARGET = 15.0;
				MTL_ENABLE_DEBUG_INFO = NO;
				MTL_FAST_MATH = YES;
				SDKROOT = iphoneos;
				SWIFT_COMPILATION_MODE = wholemodule;
				SWIFT_OPTIMIZATION_LEVEL = "-O";
				VALIDATE_PRODUCT = YES;
			};
			name = Release;
		};
		6B128B22276D3A8F00C9617E /* Debug */ = {
			isa = XCBuildConfiguration;
			buildSettings = {
				ASSETCATALOG_COMPILER_APPICON_NAME = AppIcon;
				ASSETCATALOG_COMPILER_GLOBAL_ACCENT_COLOR_NAME = AccentColor;
				CLANG_ENABLE_MODULES = YES;
				CODE_SIGN_STYLE = Automatic;
				CURRENT_PROJECT_VERSION = 1;
				DEVELOPMENT_TEAM = 96583FPNGW;
				GENERATE_INFOPLIST_FILE = YES;
				INFOPLIST_FILE = "REDSpaceChallenge-iOS/Info.plist";
				INFOPLIST_KEY_UIApplicationSupportsIndirectInputEvents = YES;
				INFOPLIST_KEY_UILaunchStoryboardName = LaunchScreen;
				INFOPLIST_KEY_UISupportedInterfaceOrientations_iPhone = "UIInterfaceOrientationPortrait UIInterfaceOrientationLandscapeLeft UIInterfaceOrientationLandscapeRight";
				LD_RUNPATH_SEARCH_PATHS = (
					"$(inherited)",
					"@executable_path/Frameworks",
				);
				MARKETING_VERSION = 1.0;
				PRODUCT_BUNDLE_IDENTIFIER = "com.jghg.REDSpaceChallenge-iOS";
				PRODUCT_NAME = "$(TARGET_NAME)";
				SWIFT_EMIT_LOC_STRINGS = YES;
				SWIFT_OPTIMIZATION_LEVEL = "-Onone";
				SWIFT_VERSION = 5.0;
				TARGETED_DEVICE_FAMILY = 1;
			};
			name = Debug;
		};
		6B128B23276D3A8F00C9617E /* Release */ = {
			isa = XCBuildConfiguration;
			buildSettings = {
				ASSETCATALOG_COMPILER_APPICON_NAME = AppIcon;
				ASSETCATALOG_COMPILER_GLOBAL_ACCENT_COLOR_NAME = AccentColor;
				CLANG_ENABLE_MODULES = YES;
				CODE_SIGN_STYLE = Automatic;
				CURRENT_PROJECT_VERSION = 1;
				DEVELOPMENT_TEAM = 96583FPNGW;
				GENERATE_INFOPLIST_FILE = YES;
				INFOPLIST_FILE = "REDSpaceChallenge-iOS/Info.plist";
				INFOPLIST_KEY_UIApplicationSupportsIndirectInputEvents = YES;
				INFOPLIST_KEY_UILaunchStoryboardName = LaunchScreen;
				INFOPLIST_KEY_UISupportedInterfaceOrientations_iPhone = "UIInterfaceOrientationPortrait UIInterfaceOrientationLandscapeLeft UIInterfaceOrientationLandscapeRight";
				LD_RUNPATH_SEARCH_PATHS = (
					"$(inherited)",
					"@executable_path/Frameworks",
				);
				MARKETING_VERSION = 1.0;
				PRODUCT_BUNDLE_IDENTIFIER = "com.jghg.REDSpaceChallenge-iOS";
				PRODUCT_NAME = "$(TARGET_NAME)";
				SWIFT_EMIT_LOC_STRINGS = YES;
				SWIFT_VERSION = 5.0;
				TARGETED_DEVICE_FAMILY = 1;
			};
			name = Release;
		};
		6B128B25276D3A8F00C9617E /* Debug */ = {
			isa = XCBuildConfiguration;
			buildSettings = {
				ALWAYS_EMBED_SWIFT_STANDARD_LIBRARIES = YES;
				BUNDLE_LOADER = "$(TEST_HOST)";
				CLANG_ENABLE_MODULES = YES;
				CODE_SIGN_STYLE = Automatic;
				CURRENT_PROJECT_VERSION = 1;
				DEVELOPMENT_TEAM = 96583FPNGW;
				GENERATE_INFOPLIST_FILE = YES;
				IPHONEOS_DEPLOYMENT_TARGET = 15.0;
				LD_RUNPATH_SEARCH_PATHS = (
					"$(inherited)",
					"@executable_path/Frameworks",
					"@loader_path/Frameworks",
				);
				MARKETING_VERSION = 1.0;
				PRODUCT_BUNDLE_IDENTIFIER = "com.jghg.REDSpaceChallenge-iOSTests";
				PRODUCT_NAME = "$(TARGET_NAME)";
				SWIFT_EMIT_LOC_STRINGS = NO;
				SWIFT_OPTIMIZATION_LEVEL = "-Onone";
				SWIFT_VERSION = 5.0;
				TARGETED_DEVICE_FAMILY = "1,2";
				TEST_HOST = "$(BUILT_PRODUCTS_DIR)/REDSpaceChallenge-iOS.app/REDSpaceChallenge-iOS";
			};
			name = Debug;
		};
		6B128B26276D3A8F00C9617E /* Release */ = {
			isa = XCBuildConfiguration;
			buildSettings = {
				ALWAYS_EMBED_SWIFT_STANDARD_LIBRARIES = YES;
				BUNDLE_LOADER = "$(TEST_HOST)";
				CLANG_ENABLE_MODULES = YES;
				CODE_SIGN_STYLE = Automatic;
				CURRENT_PROJECT_VERSION = 1;
				DEVELOPMENT_TEAM = 96583FPNGW;
				GENERATE_INFOPLIST_FILE = YES;
				IPHONEOS_DEPLOYMENT_TARGET = 15.0;
				LD_RUNPATH_SEARCH_PATHS = (
					"$(inherited)",
					"@executable_path/Frameworks",
					"@loader_path/Frameworks",
				);
				MARKETING_VERSION = 1.0;
				PRODUCT_BUNDLE_IDENTIFIER = "com.jghg.REDSpaceChallenge-iOSTests";
				PRODUCT_NAME = "$(TARGET_NAME)";
				SWIFT_EMIT_LOC_STRINGS = NO;
				SWIFT_VERSION = 5.0;
				TARGETED_DEVICE_FAMILY = "1,2";
				TEST_HOST = "$(BUILT_PRODUCTS_DIR)/REDSpaceChallenge-iOS.app/REDSpaceChallenge-iOS";
			};
			name = Release;
		};
		6B128B28276D3A8F00C9617E /* Debug */ = {
			isa = XCBuildConfiguration;
			buildSettings = {
				ALWAYS_EMBED_SWIFT_STANDARD_LIBRARIES = YES;
				CODE_SIGN_STYLE = Automatic;
				CURRENT_PROJECT_VERSION = 1;
				DEVELOPMENT_TEAM = 96583FPNGW;
				GENERATE_INFOPLIST_FILE = YES;
				LD_RUNPATH_SEARCH_PATHS = (
					"$(inherited)",
					"@executable_path/Frameworks",
					"@loader_path/Frameworks",
				);
				MARKETING_VERSION = 1.0;
				PRODUCT_BUNDLE_IDENTIFIER = "com.jghg.REDSpaceChallenge-iOSUITests";
				PRODUCT_NAME = "$(TARGET_NAME)";
				SWIFT_EMIT_LOC_STRINGS = NO;
				SWIFT_VERSION = 5.0;
				TARGETED_DEVICE_FAMILY = "1,2";
				TEST_TARGET_NAME = "REDSpaceChallenge-iOS";
			};
			name = Debug;
		};
		6B128B29276D3A8F00C9617E /* Release */ = {
			isa = XCBuildConfiguration;
			buildSettings = {
				ALWAYS_EMBED_SWIFT_STANDARD_LIBRARIES = YES;
				CODE_SIGN_STYLE = Automatic;
				CURRENT_PROJECT_VERSION = 1;
				DEVELOPMENT_TEAM = 96583FPNGW;
				GENERATE_INFOPLIST_FILE = YES;
				LD_RUNPATH_SEARCH_PATHS = (
					"$(inherited)",
					"@executable_path/Frameworks",
					"@loader_path/Frameworks",
				);
				MARKETING_VERSION = 1.0;
				PRODUCT_BUNDLE_IDENTIFIER = "com.jghg.REDSpaceChallenge-iOSUITests";
				PRODUCT_NAME = "$(TARGET_NAME)";
				SWIFT_EMIT_LOC_STRINGS = NO;
				SWIFT_VERSION = 5.0;
				TARGETED_DEVICE_FAMILY = "1,2";
				TEST_TARGET_NAME = "REDSpaceChallenge-iOS";
			};
			name = Release;
		};
/* End XCBuildConfiguration section */

/* Begin XCConfigurationList section */
		6B128AF2276D3A8D00C9617E /* Build configuration list for PBXProject "REDSpaceChallenge-iOS" */ = {
			isa = XCConfigurationList;
			buildConfigurations = (
				6B128B1F276D3A8F00C9617E /* Debug */,
				6B128B20276D3A8F00C9617E /* Release */,
			);
			defaultConfigurationIsVisible = 0;
			defaultConfigurationName = Release;
		};
		6B128B21276D3A8F00C9617E /* Build configuration list for PBXNativeTarget "REDSpaceChallenge-iOS" */ = {
			isa = XCConfigurationList;
			buildConfigurations = (
				6B128B22276D3A8F00C9617E /* Debug */,
				6B128B23276D3A8F00C9617E /* Release */,
			);
			defaultConfigurationIsVisible = 0;
			defaultConfigurationName = Release;
		};
		6B128B24276D3A8F00C9617E /* Build configuration list for PBXNativeTarget "REDSpaceChallenge-iOSTests" */ = {
			isa = XCConfigurationList;
			buildConfigurations = (
				6B128B25276D3A8F00C9617E /* Debug */,
				6B128B26276D3A8F00C9617E /* Release */,
			);
			defaultConfigurationIsVisible = 0;
			defaultConfigurationName = Release;
		};
		6B128B27276D3A8F00C9617E /* Build configuration list for PBXNativeTarget "REDSpaceChallenge-iOSUITests" */ = {
			isa = XCConfigurationList;
			buildConfigurations = (
				6B128B28276D3A8F00C9617E /* Debug */,
				6B128B29276D3A8F00C9617E /* Release */,
			);
			defaultConfigurationIsVisible = 0;
			defaultConfigurationName = Release;
		};
/* End XCConfigurationList section */

/* Begin XCRemoteSwiftPackageReference section */
		6B128BA1276D63E200C9617E /* XCRemoteSwiftPackageReference "JNetWorking" */ = {
			isa = XCRemoteSwiftPackageReference;
			repositoryURL = "https://github.com/jghg02/JNetWorking";
			requirement = {
				branch = master;
				kind = branch;
			};
		};
/* End XCRemoteSwiftPackageReference section */

/* Begin XCSwiftPackageProductDependency section */
		6B128BA2276D63E200C9617E /* JNetworking */ = {
			isa = XCSwiftPackageProductDependency;
			package = 6B128BA1276D63E200C9617E /* XCRemoteSwiftPackageReference "JNetWorking" */;
			productName = JNetworking;
		};
/* End XCSwiftPackageProductDependency section */
	};
	rootObject = 6B128AEF276D3A8D00C9617E /* Project object */;
}
